
Microsoft Visual Studio Solution File, Format Version 12.00
# Visual Studio Version 17
VisualStudioVersion = 17.8.34330.188
MinimumVisualStudioVersion = 10.0.40219.1
Project("{FAE04EC0-301F-11D3-BF4B-00C04F79EFBC}") = "FileSync", "FileSync\FileSync.csproj", "{40E0B4D0-B573-474E-B9AA-DF7CFE39771B}"
EndProject
Global
	GlobalSection(SolutionConfigurationPlatforms) = preSolution
		Debug|Any CPU = Debug|Any CPU
		Release|Any CPU = Release|Any CPU
	EndGlobalSection
	GlobalSection(ProjectConfigurationPlatforms) = postSolution
		{40E0B4D0-B573-474E-B9AA-DF7CFE39771B}.Debug|Any CPU.ActiveCfg = Debug|Any CPU
		{40E0B4D0-B573-474E-B9AA-DF7CFE39771B}.Debug|Any CPU.Build.0 = Debug|Any CPU
		{40E0B4D0-B573-474E-B9AA-DF7CFE39771B}.Release|Any CPU.ActiveCfg = Release|Any CPU
		{40E0B4D0-B573-474E-B9AA-DF7CFE39771B}.Release|Any CPU.Build.0 = Release|Any CPU
	EndGlobalSection
	GlobalSection(SolutionProperties) = preSolution
		HideSolutionNode = FALSE
	EndGlobalSection
	GlobalSection(ExtensibilityGlobals) = postSolution
		SolutionGuid = {3B9FF168-8894-41B4-9318-B5B6370AFD38}
	EndGlobalSection
EndGlobal
